
Microsoft Visual Studio Solution File, Format Version 12.00
# Visual Studio Version 17
VisualStudioVersion = 17.8.34525.116
MinimumVisualStudioVersion = 10.0.40219.1
Project("{FAE04EC0-301F-11D3-BF4B-00C04F79EFBC}") = "Windows_Application_Practice", "Windows_Application_Practice\Windows_Application_Practice.csproj", "{B1F4A7A3-8605-4B3A-A21C-2C1654805A94}"
EndProject
Global
	GlobalSection(SolutionConfigurationPlatforms) = preSolution
		Debug|Any CPU = Debug|Any CPU
		Release|Any CPU = Release|Any CPU
	EndGlobalSection
	GlobalSection(ProjectConfigurationPlatforms) = postSolution
		{B1F4A7A3-8605-4B3A-A21C-2C1654805A94}.Debug|Any CPU.ActiveCfg = Debug|Any CPU
		{B1F4A7A3-8605-4B3A-A21C-2C1654805A94}.Debug|Any CPU.Build.0 = Debug|Any CPU
		{B1F4A7A3-8605-4B3A-A21C-2C1654805A94}.Release|Any CPU.ActiveCfg = Release|Any CPU
		{B1F4A7A3-8605-4B3A-A21C-2C1654805A94}.Release|Any CPU.Build.0 = Release|Any CPU
	EndGlobalSection
	GlobalSection(SolutionProperties) = preSolution
		HideSolutionNode = FALSE
	EndGlobalSection
	GlobalSection(ExtensibilityGlobals) = postSolution
		SolutionGuid = {041F9245-2837-45D3-8329-A4265B40550A}
	EndGlobalSection
EndGlobal
